{
  "pins" : [
    {
      "identity" : "splebbosnetworking",
      "kind" : "remoteSourceControl",
      "location" : "https://github.com/sebthibert/SplebbosNetworking",
      "state" : {
        "branch" : "main",
        "revision" : "4b2850f38407191eda223153104ce04e97435ecf"
      }
    }
  ],
  "version" : 2
}
