// !$*UTF8*$!
{
	archiveVersion = 1;
	classes = {
	};
	objectVersion = 55;
	objects = {

/* Begin PBXBuildFile section */
		F237B256288FB6D000B63A5B /* GitHubEventsApp.swift in Sources */ = {isa = PBXBuildFile; fileRef = F237B255288FB6D000B63A5B /* GitHubEventsApp.swift */; };
		F237B258288FB6D000B63A5B /* EventsView.swift in Sources */ = {isa = PBXBuildFile; fileRef = F237B257288FB6D000B63A5B /* EventsView.swift */; };
		F237B25A288FB6D100B63A5B /* Assets.xcassets in Resources */ = {isa = PBXBuildFile; fileRef = F237B259288FB6D100B63A5B /* Assets.xcassets */; };
		F237B25D288FB6D100B63A5B /* Preview Assets.xcassets in Resources */ = {isa = PBXBuildFile; fileRef = F237B25C288FB6D100B63A5B /* Preview Assets.xcassets */; };
		F237B267288FB6D100B63A5B /* EventsViewModelTests.swift in Sources */ = {isa = PBXBuildFile; fileRef = F237B266288FB6D100B63A5B /* EventsViewModelTests.swift */; };
		F237B271288FB6D100B63A5B /* GitHubEventsUITests.swift in Sources */ = {isa = PBXBuildFile; fileRef = F237B270288FB6D100B63A5B /* GitHubEventsUITests.swift */; };
		F237B273288FB6D100B63A5B /* GitHubEventsUITestsLaunchTests.swift in Sources */ = {isa = PBXBuildFile; fileRef = F237B272288FB6D100B63A5B /* GitHubEventsUITestsLaunchTests.swift */; };
		F237B281288FB70900B63A5B /* SplebbosNetworking in Frameworks */ = {isa = PBXBuildFile; productRef = F237B280288FB70900B63A5B /* SplebbosNetworking */; };
		F253747328919E270097FCD7 /* WidgetKit.framework in Frameworks */ = {isa = PBXBuildFile; fileRef = F253747228919E270097FCD7 /* WidgetKit.framework */; };
		F253747528919E270097FCD7 /* SwiftUI.framework in Frameworks */ = {isa = PBXBuildFile; fileRef = F253747428919E270097FCD7 /* SwiftUI.framework */; };
		F253747828919E270097FCD7 /* GitHubEventsWidget.swift in Sources */ = {isa = PBXBuildFile; fileRef = F253747728919E270097FCD7 /* GitHubEventsWidget.swift */; };
		F253747B28919E280097FCD7 /* Assets.xcassets in Resources */ = {isa = PBXBuildFile; fileRef = F253747A28919E280097FCD7 /* Assets.xcassets */; };
		F253747D28919E280097FCD7 /* GitHubEventsWidget.intentdefinition in Sources */ = {isa = PBXBuildFile; fileRef = F253747928919E270097FCD7 /* GitHubEventsWidget.intentdefinition */; };
		F253747E28919E280097FCD7 /* GitHubEventsWidget.intentdefinition in Sources */ = {isa = PBXBuildFile; fileRef = F253747928919E270097FCD7 /* GitHubEventsWidget.intentdefinition */; };
		F253748128919E280097FCD7 /* GitHubEventsWidgetExtension.appex in Embed Foundation Extensions */ = {isa = PBXBuildFile; fileRef = F253747028919E270097FCD7 /* GitHubEventsWidgetExtension.appex */; settings = {ATTRIBUTES = (RemoveHeadersOnCopy, ); }; };
		F2E043ED28B12CCC0055147D /* TestEvents.swift in Sources */ = {isa = PBXBuildFile; fileRef = F2E043EC28B12CCC0055147D /* TestEvents.swift */; };
		F2E043F028B12D290055147D /* TitleView.swift in Sources */ = {isa = PBXBuildFile; fileRef = F2E043EF28B12D290055147D /* TitleView.swift */; };
		F2E043F228B12D3F0055147D /* DateView.swift in Sources */ = {isa = PBXBuildFile; fileRef = F2E043F128B12D3F0055147D /* DateView.swift */; };
		F2E043F428B12D810055147D /* LabelsStack.swift in Sources */ = {isa = PBXBuildFile; fileRef = F2E043F328B12D810055147D /* LabelsStack.swift */; };
		F2E043F528B12E5C0055147D /* TitleView.swift in Sources */ = {isa = PBXBuildFile; fileRef = F2E043EF28B12D290055147D /* TitleView.swift */; };
		F2E043F628B12E610055147D /* DateView.swift in Sources */ = {isa = PBXBuildFile; fileRef = F2E043F128B12D3F0055147D /* DateView.swift */; };
		F2E043F828B12EF80055147D /* EventRow.swift in Sources */ = {isa = PBXBuildFile; fileRef = F2E043F728B12EF80055147D /* EventRow.swift */; };
		F2E043F928B12F040055147D /* EventRow.swift in Sources */ = {isa = PBXBuildFile; fileRef = F2E043F728B12EF80055147D /* EventRow.swift */; };
		F2E043FB28B12F2C0055147D /* Gradients.swift in Sources */ = {isa = PBXBuildFile; fileRef = F2E043FA28B12F2C0055147D /* Gradients.swift */; };
		F2E043FC28B130710055147D /* Gradients.swift in Sources */ = {isa = PBXBuildFile; fileRef = F2E043FA28B12F2C0055147D /* Gradients.swift */; };
		F2E043FD28B130820055147D /* LabelsStack.swift in Sources */ = {isa = PBXBuildFile; fileRef = F2E043F328B12D810055147D /* LabelsStack.swift */; };
		F2E0440028B1313E0055147D /* Event.swift in Sources */ = {isa = PBXBuildFile; fileRef = F2E043FF28B1313E0055147D /* Event.swift */; };
		F2E0440128B131460055147D /* Event.swift in Sources */ = {isa = PBXBuildFile; fileRef = F2E043FF28B1313E0055147D /* Event.swift */; };
		F2E0440328B131D80055147D /* Resources.swift in Sources */ = {isa = PBXBuildFile; fileRef = F2E0440228B131D80055147D /* Resources.swift */; };
		F2E0440628B132320055147D /* EventsViewModel.swift in Sources */ = {isa = PBXBuildFile; fileRef = F2E0440528B132320055147D /* EventsViewModel.swift */; };
		F2E0440728B1323C0055147D /* EventsViewModel.swift in Sources */ = {isa = PBXBuildFile; fileRef = F2E0440528B132320055147D /* EventsViewModel.swift */; };
		F2E0440828B132CB0055147D /* Resources.swift in Sources */ = {isa = PBXBuildFile; fileRef = F2E0440228B131D80055147D /* Resources.swift */; };
		F2E0440A28B133530055147D /* Decoder.swift in Sources */ = {isa = PBXBuildFile; fileRef = F2E0440928B133530055147D /* Decoder.swift */; };
		F2E0440B28B133650055147D /* Decoder.swift in Sources */ = {isa = PBXBuildFile; fileRef = F2E0440928B133530055147D /* Decoder.swift */; };
		F2E0440D28B133810055147D /* Calendar.swift in Sources */ = {isa = PBXBuildFile; fileRef = F2E0440C28B133810055147D /* Calendar.swift */; };
		F2E0440E28B1338C0055147D /* Calendar.swift in Sources */ = {isa = PBXBuildFile; fileRef = F2E0440C28B133810055147D /* Calendar.swift */; };
		F2E0441028B1339B0055147D /* TimeZone.swift in Sources */ = {isa = PBXBuildFile; fileRef = F2E0440F28B1339B0055147D /* TimeZone.swift */; };
		F2E0441128B133A50055147D /* TimeZone.swift in Sources */ = {isa = PBXBuildFile; fileRef = F2E0440F28B1339B0055147D /* TimeZone.swift */; };
		F2E0441428B133C70055147D /* Session.swift in Sources */ = {isa = PBXBuildFile; fileRef = F2E0441328B133C70055147D /* Session.swift */; };
		F2E0441528B133D20055147D /* Session.swift in Sources */ = {isa = PBXBuildFile; fileRef = F2E0441328B133C70055147D /* Session.swift */; };
		F2E0441728B1340A0055147D /* EventArrayExtension.swift in Sources */ = {isa = PBXBuildFile; fileRef = F2E0441628B1340A0055147D /* EventArrayExtension.swift */; };
		F2E0441828B134170055147D /* EventArrayExtension.swift in Sources */ = {isa = PBXBuildFile; fileRef = F2E0441628B1340A0055147D /* EventArrayExtension.swift */; };
		F2E0441A28B1342B0055147D /* EventExtension.swift in Sources */ = {isa = PBXBuildFile; fileRef = F2E0441928B1342B0055147D /* EventExtension.swift */; };
		F2E0441B28B1342D0055147D /* EventExtension.swift in Sources */ = {isa = PBXBuildFile; fileRef = F2E0441928B1342B0055147D /* EventExtension.swift */; };
		F2E0441E28B13C910055147D /* EventLabelArrayExtension.swift in Sources */ = {isa = PBXBuildFile; fileRef = F2E0441D28B13C910055147D /* EventLabelArrayExtension.swift */; };
		F2E0441F28B13CA40055147D /* EventLabelArrayExtension.swift in Sources */ = {isa = PBXBuildFile; fileRef = F2E0441D28B13C910055147D /* EventLabelArrayExtension.swift */; };
		F2E0442228B24E650055147D /* NotificationController.swift in Sources */ = {isa = PBXBuildFile; fileRef = F2E0442128B24E650055147D /* NotificationController.swift */; };
		F2E0442328B24E760055147D /* NotificationController.swift in Sources */ = {isa = PBXBuildFile; fileRef = F2E0442128B24E650055147D /* NotificationController.swift */; };
		F2E0442528B2C2270055147D /* EventArrayTests.swift in Sources */ = {isa = PBXBuildFile; fileRef = F2E0442428B2C2270055147D /* EventArrayTests.swift */; };
		F2ED223F289517AA00A1507C /* GoogleService-Info.plist in Resources */ = {isa = PBXBuildFile; fileRef = F2ED223E289517AA00A1507C /* GoogleService-Info.plist */; };
		F2ED2240289517AA00A1507C /* GoogleService-Info.plist in Resources */ = {isa = PBXBuildFile; fileRef = F2ED223E289517AA00A1507C /* GoogleService-Info.plist */; };
		F2F777512896E2A400F47FF1 /* FirebaseFirestore in Frameworks */ = {isa = PBXBuildFile; productRef = F2F777502896E2A400F47FF1 /* FirebaseFirestore */; };
		F2F777532896E2A400F47FF1 /* FirebaseFirestoreCombine-Community in Frameworks */ = {isa = PBXBuildFile; productRef = F2F777522896E2A400F47FF1 /* FirebaseFirestoreCombine-Community */; };
		F2F777552896E2A400F47FF1 /* FirebaseFirestoreSwift in Frameworks */ = {isa = PBXBuildFile; productRef = F2F777542896E2A400F47FF1 /* FirebaseFirestoreSwift */; };
		F2F7782C2891A36600BFB598 /* SplebbosNetworking in Frameworks */ = {isa = PBXBuildFile; productRef = F2F7782B2891A36600BFB598 /* SplebbosNetworking */; };
		F2F7782D2891A37000BFB598 /* EventsView.swift in Sources */ = {isa = PBXBuildFile; fileRef = F237B257288FB6D000B63A5B /* EventsView.swift */; };
/* End PBXBuildFile section */

/* Begin PBXContainerItemProxy section */
		F237B263288FB6D100B63A5B /* PBXContainerItemProxy */ = {
			isa = PBXContainerItemProxy;
			containerPortal = F237B24A288FB6D000B63A5B /* Project object */;
			proxyType = 1;
			remoteGlobalIDString = F237B251288FB6D000B63A5B;
			remoteInfo = GitHubEvents;
		};
		F237B26D288FB6D100B63A5B /* PBXContainerItemProxy */ = {
			isa = PBXContainerItemProxy;
			containerPortal = F237B24A288FB6D000B63A5B /* Project object */;
			proxyType = 1;
			remoteGlobalIDString = F237B251288FB6D000B63A5B;
			remoteInfo = GitHubEvents;
		};
		F253747F28919E280097FCD7 /* PBXContainerItemProxy */ = {
			isa = PBXContainerItemProxy;
			containerPortal = F237B24A288FB6D000B63A5B /* Project object */;
			proxyType = 1;
			remoteGlobalIDString = F253746F28919E270097FCD7;
			remoteInfo = GitHubEventsWidgetExtension;
		};
/* End PBXContainerItemProxy section */

/* Begin PBXCopyFilesBuildPhase section */
		F253748528919E290097FCD7 /* Embed Foundation Extensions */ = {
			isa = PBXCopyFilesBuildPhase;
			buildActionMask = 2147483647;
			dstPath = "";
			dstSubfolderSpec = 13;
			files = (
				F253748128919E280097FCD7 /* GitHubEventsWidgetExtension.appex in Embed Foundation Extensions */,
			);
			name = "Embed Foundation Extensions";
			runOnlyForDeploymentPostprocessing = 0;
		};
/* End PBXCopyFilesBuildPhase section */

/* Begin PBXFileReference section */
		F237B252288FB6D000B63A5B /* GitHubEvents.app */ = {isa = PBXFileReference; explicitFileType = wrapper.application; includeInIndex = 0; path = GitHubEvents.app; sourceTree = BUILT_PRODUCTS_DIR; };
		F237B255288FB6D000B63A5B /* GitHubEventsApp.swift */ = {isa = PBXFileReference; lastKnownFileType = sourcecode.swift; path = GitHubEventsApp.swift; sourceTree = "<group>"; };
		F237B257288FB6D000B63A5B /* EventsView.swift */ = {isa = PBXFileReference; lastKnownFileType = sourcecode.swift; path = EventsView.swift; sourceTree = "<group>"; };
		F237B259288FB6D100B63A5B /* Assets.xcassets */ = {isa = PBXFileReference; lastKnownFileType = folder.assetcatalog; path = Assets.xcassets; sourceTree = "<group>"; };
		F237B25C288FB6D100B63A5B /* Preview Assets.xcassets */ = {isa = PBXFileReference; lastKnownFileType = folder.assetcatalog; path = "Preview Assets.xcassets"; sourceTree = "<group>"; };
		F237B262288FB6D100B63A5B /* GitHubEventsTests.xctest */ = {isa = PBXFileReference; explicitFileType = wrapper.cfbundle; includeInIndex = 0; path = GitHubEventsTests.xctest; sourceTree = BUILT_PRODUCTS_DIR; };
		F237B266288FB6D100B63A5B /* EventsViewModelTests.swift */ = {isa = PBXFileReference; lastKnownFileType = sourcecode.swift; path = EventsViewModelTests.swift; sourceTree = "<group>"; };
		F237B26C288FB6D100B63A5B /* GitHubEventsUITests.xctest */ = {isa = PBXFileReference; explicitFileType = wrapper.cfbundle; includeInIndex = 0; path = GitHubEventsUITests.xctest; sourceTree = BUILT_PRODUCTS_DIR; };
		F237B270288FB6D100B63A5B /* GitHubEventsUITests.swift */ = {isa = PBXFileReference; lastKnownFileType = sourcecode.swift; path = GitHubEventsUITests.swift; sourceTree = "<group>"; };
		F237B272288FB6D100B63A5B /* GitHubEventsUITestsLaunchTests.swift */ = {isa = PBXFileReference; lastKnownFileType = sourcecode.swift; path = GitHubEventsUITestsLaunchTests.swift; sourceTree = "<group>"; };
		F253747028919E270097FCD7 /* GitHubEventsWidgetExtension.appex */ = {isa = PBXFileReference; explicitFileType = "wrapper.app-extension"; includeInIndex = 0; path = GitHubEventsWidgetExtension.appex; sourceTree = BUILT_PRODUCTS_DIR; };
		F253747228919E270097FCD7 /* WidgetKit.framework */ = {isa = PBXFileReference; lastKnownFileType = wrapper.framework; name = WidgetKit.framework; path = System/Library/Frameworks/WidgetKit.framework; sourceTree = SDKROOT; };
		F253747428919E270097FCD7 /* SwiftUI.framework */ = {isa = PBXFileReference; lastKnownFileType = wrapper.framework; name = SwiftUI.framework; path = System/Library/Frameworks/SwiftUI.framework; sourceTree = SDKROOT; };
		F253747728919E270097FCD7 /* GitHubEventsWidget.swift */ = {isa = PBXFileReference; lastKnownFileType = sourcecode.swift; path = GitHubEventsWidget.swift; sourceTree = "<group>"; };
		F253747928919E270097FCD7 /* GitHubEventsWidget.intentdefinition */ = {isa = PBXFileReference; lastKnownFileType = file.intentdefinition; path = GitHubEventsWidget.intentdefinition; sourceTree = "<group>"; };
		F253747A28919E280097FCD7 /* Assets.xcassets */ = {isa = PBXFileReference; lastKnownFileType = folder.assetcatalog; path = Assets.xcassets; sourceTree = "<group>"; };
		F253747C28919E280097FCD7 /* Info.plist */ = {isa = PBXFileReference; lastKnownFileType = text.plist.xml; path = Info.plist; sourceTree = "<group>"; };
		F2E043EC28B12CCC0055147D /* TestEvents.swift */ = {isa = PBXFileReference; lastKnownFileType = sourcecode.swift; path = TestEvents.swift; sourceTree = "<group>"; };
		F2E043EF28B12D290055147D /* TitleView.swift */ = {isa = PBXFileReference; lastKnownFileType = sourcecode.swift; path = TitleView.swift; sourceTree = "<group>"; };
		F2E043F128B12D3F0055147D /* DateView.swift */ = {isa = PBXFileReference; lastKnownFileType = sourcecode.swift; path = DateView.swift; sourceTree = "<group>"; };
		F2E043F328B12D810055147D /* LabelsStack.swift */ = {isa = PBXFileReference; lastKnownFileType = sourcecode.swift; path = LabelsStack.swift; sourceTree = "<group>"; };
		F2E043F728B12EF80055147D /* EventRow.swift */ = {isa = PBXFileReference; lastKnownFileType = sourcecode.swift; path = EventRow.swift; sourceTree = "<group>"; };
		F2E043FA28B12F2C0055147D /* Gradients.swift */ = {isa = PBXFileReference; lastKnownFileType = sourcecode.swift; path = Gradients.swift; sourceTree = "<group>"; };
		F2E043FF28B1313E0055147D /* Event.swift */ = {isa = PBXFileReference; lastKnownFileType = sourcecode.swift; path = Event.swift; sourceTree = "<group>"; };
		F2E0440228B131D80055147D /* Resources.swift */ = {isa = PBXFileReference; lastKnownFileType = sourcecode.swift; path = Resources.swift; sourceTree = "<group>"; };
		F2E0440528B132320055147D /* EventsViewModel.swift */ = {isa = PBXFileReference; lastKnownFileType = sourcecode.swift; path = EventsViewModel.swift; sourceTree = "<group>"; };
		F2E0440928B133530055147D /* Decoder.swift */ = {isa = PBXFileReference; lastKnownFileType = sourcecode.swift; path = Decoder.swift; sourceTree = "<group>"; };
		F2E0440C28B133810055147D /* Calendar.swift */ = {isa = PBXFileReference; lastKnownFileType = sourcecode.swift; path = Calendar.swift; sourceTree = "<group>"; };
		F2E0440F28B1339B0055147D /* TimeZone.swift */ = {isa = PBXFileReference; lastKnownFileType = sourcecode.swift; path = TimeZone.swift; sourceTree = "<group>"; };
		F2E0441328B133C70055147D /* Session.swift */ = {isa = PBXFileReference; lastKnownFileType = sourcecode.swift; path = Session.swift; sourceTree = "<group>"; };
		F2E0441628B1340A0055147D /* EventArrayExtension.swift */ = {isa = PBXFileReference; lastKnownFileType = sourcecode.swift; path = EventArrayExtension.swift; sourceTree = "<group>"; };
		F2E0441928B1342B0055147D /* EventExtension.swift */ = {isa = PBXFileReference; lastKnownFileType = sourcecode.swift; path = EventExtension.swift; sourceTree = "<group>"; };
		F2E0441D28B13C910055147D /* EventLabelArrayExtension.swift */ = {isa = PBXFileReference; lastKnownFileType = sourcecode.swift; path = EventLabelArrayExtension.swift; sourceTree = "<group>"; };
		F2E0442128B24E650055147D /* NotificationController.swift */ = {isa = PBXFileReference; lastKnownFileType = sourcecode.swift; path = NotificationController.swift; sourceTree = "<group>"; };
		F2E0442428B2C2270055147D /* EventArrayTests.swift */ = {isa = PBXFileReference; lastKnownFileType = sourcecode.swift; path = EventArrayTests.swift; sourceTree = "<group>"; };
		F2ED223E289517AA00A1507C /* GoogleService-Info.plist */ = {isa = PBXFileReference; fileEncoding = 4; lastKnownFileType = text.plist.xml; path = "GoogleService-Info.plist"; sourceTree = "<group>"; };
/* End PBXFileReference section */

/* Begin PBXFrameworksBuildPhase section */
		F237B24F288FB6D000B63A5B /* Frameworks */ = {
			isa = PBXFrameworksBuildPhase;
			buildActionMask = 2147483647;
			files = (
				F2F777532896E2A400F47FF1 /* FirebaseFirestoreCombine-Community in Frameworks */,
				F237B281288FB70900B63A5B /* SplebbosNetworking in Frameworks */,
				F2F777512896E2A400F47FF1 /* FirebaseFirestore in Frameworks */,
				F2F777552896E2A400F47FF1 /* FirebaseFirestoreSwift in Frameworks */,
			);
			runOnlyForDeploymentPostprocessing = 0;
		};
		F237B25F288FB6D100B63A5B /* Frameworks */ = {
			isa = PBXFrameworksBuildPhase;
			buildActionMask = 2147483647;
			files = (
			);
			runOnlyForDeploymentPostprocessing = 0;
		};
		F237B269288FB6D100B63A5B /* Frameworks */ = {
			isa = PBXFrameworksBuildPhase;
			buildActionMask = 2147483647;
			files = (
			);
			runOnlyForDeploymentPostprocessing = 0;
		};
		F253746D28919E270097FCD7 /* Frameworks */ = {
			isa = PBXFrameworksBuildPhase;
			buildActionMask = 2147483647;
			files = (
				F253747528919E270097FCD7 /* SwiftUI.framework in Frameworks */,
				F253747328919E270097FCD7 /* WidgetKit.framework in Frameworks */,
				F2F7782C2891A36600BFB598 /* SplebbosNetworking in Frameworks */,
			);
			runOnlyForDeploymentPostprocessing = 0;
		};
/* End PBXFrameworksBuildPhase section */

/* Begin PBXGroup section */
		F237B249288FB6D000B63A5B = {
			isa = PBXGroup;
			children = (
				F2ED223E289517AA00A1507C /* GoogleService-Info.plist */,
				F237B254288FB6D000B63A5B /* GitHubEvents */,
				F237B265288FB6D100B63A5B /* GitHubEventsTests */,
				F237B26F288FB6D100B63A5B /* GitHubEventsUITests */,
				F253747628919E270097FCD7 /* GitHubEventsWidget */,
				F253747128919E270097FCD7 /* Frameworks */,
				F237B253288FB6D000B63A5B /* Products */,
			);
			sourceTree = "<group>";
		};
		F237B253288FB6D000B63A5B /* Products */ = {
			isa = PBXGroup;
			children = (
				F237B252288FB6D000B63A5B /* GitHubEvents.app */,
				F237B262288FB6D100B63A5B /* GitHubEventsTests.xctest */,
				F237B26C288FB6D100B63A5B /* GitHubEventsUITests.xctest */,
				F253747028919E270097FCD7 /* GitHubEventsWidgetExtension.appex */,
			);
			name = Products;
			sourceTree = "<group>";
		};
		F237B254288FB6D000B63A5B /* GitHubEvents */ = {
			isa = PBXGroup;
			children = (
				F237B255288FB6D000B63A5B /* GitHubEventsApp.swift */,
				F237B259288FB6D100B63A5B /* Assets.xcassets */,
				F2E0441C28B135470055147D /* Date */,
				F2E043FE28B131360055147D /* Model */,
				F2E0441228B133B40055147D /* Network */,
				F237B25B288FB6D100B63A5B /* Preview Content */,
				F2E043EE28B12D170055147D /* View */,
				F2E0440428B132140055147D /* View Model */,
				F2E0442128B24E650055147D /* NotificationController.swift */,
			);
			path = GitHubEvents;
			sourceTree = "<group>";
		};
		F237B25B288FB6D100B63A5B /* Preview Content */ = {
			isa = PBXGroup;
			children = (
				F237B25C288FB6D100B63A5B /* Preview Assets.xcassets */,
			);
			path = "Preview Content";
			sourceTree = "<group>";
		};
		F237B265288FB6D100B63A5B /* GitHubEventsTests */ = {
			isa = PBXGroup;
			children = (
				F237B266288FB6D100B63A5B /* EventsViewModelTests.swift */,
				F2E0442428B2C2270055147D /* EventArrayTests.swift */,
			);
			path = GitHubEventsTests;
			sourceTree = "<group>";
		};
		F237B26F288FB6D100B63A5B /* GitHubEventsUITests */ = {
			isa = PBXGroup;
			children = (
				F237B270288FB6D100B63A5B /* GitHubEventsUITests.swift */,
				F237B272288FB6D100B63A5B /* GitHubEventsUITestsLaunchTests.swift */,
			);
			path = GitHubEventsUITests;
			sourceTree = "<group>";
		};
		F253747128919E270097FCD7 /* Frameworks */ = {
			isa = PBXGroup;
			children = (
				F253747228919E270097FCD7 /* WidgetKit.framework */,
				F253747428919E270097FCD7 /* SwiftUI.framework */,
			);
			name = Frameworks;
			sourceTree = "<group>";
		};
		F253747628919E270097FCD7 /* GitHubEventsWidget */ = {
			isa = PBXGroup;
			children = (
				F253747728919E270097FCD7 /* GitHubEventsWidget.swift */,
				F253747928919E270097FCD7 /* GitHubEventsWidget.intentdefinition */,
				F253747A28919E280097FCD7 /* Assets.xcassets */,
				F253747C28919E280097FCD7 /* Info.plist */,
			);
			path = GitHubEventsWidget;
			sourceTree = "<group>";
		};
		F2E043EE28B12D170055147D /* View */ = {
			isa = PBXGroup;
			children = (
				F2E043F128B12D3F0055147D /* DateView.swift */,
				F2E043F728B12EF80055147D /* EventRow.swift */,
				F237B257288FB6D000B63A5B /* EventsView.swift */,
				F2E043FA28B12F2C0055147D /* Gradients.swift */,
				F2E043F328B12D810055147D /* LabelsStack.swift */,
				F2E043EF28B12D290055147D /* TitleView.swift */,
			);
			path = View;
			sourceTree = "<group>";
		};
		F2E043FE28B131360055147D /* Model */ = {
			isa = PBXGroup;
			children = (
				F2E043FF28B1313E0055147D /* Event.swift */,
				F2E0441628B1340A0055147D /* EventArrayExtension.swift */,
				F2E0441928B1342B0055147D /* EventExtension.swift */,
				F2E0441D28B13C910055147D /* EventLabelArrayExtension.swift */,
				F2E043EC28B12CCC0055147D /* TestEvents.swift */,
			);
			path = Model;
			sourceTree = "<group>";
		};
		F2E0440428B132140055147D /* View Model */ = {
			isa = PBXGroup;
			children = (
				F2E0440528B132320055147D /* EventsViewModel.swift */,
			);
			path = "View Model";
			sourceTree = "<group>";
		};
		F2E0441228B133B40055147D /* Network */ = {
			isa = PBXGroup;
			children = (
				F2E0440928B133530055147D /* Decoder.swift */,
				F2E0440228B131D80055147D /* Resources.swift */,
				F2E0441328B133C70055147D /* Session.swift */,
			);
			path = Network;
			sourceTree = "<group>";
		};
		F2E0441C28B135470055147D /* Date */ = {
			isa = PBXGroup;
			children = (
				F2E0440C28B133810055147D /* Calendar.swift */,
				F2E0440F28B1339B0055147D /* TimeZone.swift */,
			);
			path = Date;
			sourceTree = "<group>";
		};
/* End PBXGroup section */

/* Begin PBXNativeTarget section */
		F237B251288FB6D000B63A5B /* GitHubEvents */ = {
			isa = PBXNativeTarget;
			buildConfigurationList = F237B276288FB6D100B63A5B /* Build configuration list for PBXNativeTarget "GitHubEvents" */;
			buildPhases = (
				F237B24E288FB6D000B63A5B /* Sources */,
				F237B24F288FB6D000B63A5B /* Frameworks */,
				F237B250288FB6D000B63A5B /* Resources */,
				F253748528919E290097FCD7 /* Embed Foundation Extensions */,
			);
			buildRules = (
			);
			dependencies = (
				F253748028919E280097FCD7 /* PBXTargetDependency */,
			);
			name = GitHubEvents;
			packageProductDependencies = (
				F237B280288FB70900B63A5B /* SplebbosNetworking */,
				F2F777502896E2A400F47FF1 /* FirebaseFirestore */,
				F2F777522896E2A400F47FF1 /* FirebaseFirestoreCombine-Community */,
				F2F777542896E2A400F47FF1 /* FirebaseFirestoreSwift */,
			);
			productName = GitHubEvents;
			productReference = F237B252288FB6D000B63A5B /* GitHubEvents.app */;
			productType = "com.apple.product-type.application";
		};
		F237B261288FB6D100B63A5B /* GitHubEventsTests */ = {
			isa = PBXNativeTarget;
			buildConfigurationList = F237B279288FB6D100B63A5B /* Build configuration list for PBXNativeTarget "GitHubEventsTests" */;
			buildPhases = (
				F237B25E288FB6D100B63A5B /* Sources */,
				F237B25F288FB6D100B63A5B /* Frameworks */,
				F237B260288FB6D100B63A5B /* Resources */,
			);
			buildRules = (
			);
			dependencies = (
				F237B264288FB6D100B63A5B /* PBXTargetDependency */,
			);
			name = GitHubEventsTests;
			productName = GitHubEventsTests;
			productReference = F237B262288FB6D100B63A5B /* GitHubEventsTests.xctest */;
			productType = "com.apple.product-type.bundle.unit-test";
		};
		F237B26B288FB6D100B63A5B /* GitHubEventsUITests */ = {
			isa = PBXNativeTarget;
			buildConfigurationList = F237B27C288FB6D100B63A5B /* Build configuration list for PBXNativeTarget "GitHubEventsUITests" */;
			buildPhases = (
				F237B268288FB6D100B63A5B /* Sources */,
				F237B269288FB6D100B63A5B /* Frameworks */,
				F237B26A288FB6D100B63A5B /* Resources */,
			);
			buildRules = (
			);
			dependencies = (
				F237B26E288FB6D100B63A5B /* PBXTargetDependency */,
			);
			name = GitHubEventsUITests;
			productName = GitHubEventsUITests;
			productReference = F237B26C288FB6D100B63A5B /* GitHubEventsUITests.xctest */;
			productType = "com.apple.product-type.bundle.ui-testing";
		};
		F253746F28919E270097FCD7 /* GitHubEventsWidgetExtension */ = {
			isa = PBXNativeTarget;
			buildConfigurationList = F253748228919E290097FCD7 /* Build configuration list for PBXNativeTarget "GitHubEventsWidgetExtension" */;
			buildPhases = (
				F253746C28919E270097FCD7 /* Sources */,
				F253746D28919E270097FCD7 /* Frameworks */,
				F253746E28919E270097FCD7 /* Resources */,
			);
			buildRules = (
			);
			dependencies = (
			);
			name = GitHubEventsWidgetExtension;
			packageProductDependencies = (
				F2F7782B2891A36600BFB598 /* SplebbosNetworking */,
			);
			productName = GitHubEventsWidgetExtension;
			productReference = F253747028919E270097FCD7 /* GitHubEventsWidgetExtension.appex */;
			productType = "com.apple.product-type.app-extension";
		};
/* End PBXNativeTarget section */

/* Begin PBXProject section */
		F237B24A288FB6D000B63A5B /* Project object */ = {
			isa = PBXProject;
			attributes = {
				BuildIndependentTargetsInParallel = 1;
				LastSwiftUpdateCheck = 1400;
				LastUpgradeCheck = 1330;
				TargetAttributes = {
					F237B251288FB6D000B63A5B = {
						CreatedOnToolsVersion = 13.3.1;
					};
					F237B261288FB6D100B63A5B = {
						CreatedOnToolsVersion = 13.3.1;
						TestTargetID = F237B251288FB6D000B63A5B;
					};
					F237B26B288FB6D100B63A5B = {
						CreatedOnToolsVersion = 13.3.1;
						TestTargetID = F237B251288FB6D000B63A5B;
					};
					F253746F28919E270097FCD7 = {
						CreatedOnToolsVersion = 14.0;
					};
				};
			};
			buildConfigurationList = F237B24D288FB6D000B63A5B /* Build configuration list for PBXProject "GitHubEvents" */;
			compatibilityVersion = "Xcode 13.0";
			developmentRegion = en;
			hasScannedForEncodings = 0;
			knownRegions = (
				en,
				Base,
			);
			mainGroup = F237B249288FB6D000B63A5B;
			packageReferences = (
				F237B27F288FB70900B63A5B /* XCRemoteSwiftPackageReference "SplebbosNetworking" */,
				F2F7774F2896E2A400F47FF1 /* XCRemoteSwiftPackageReference "firebase-ios-sdk" */,
			);
			productRefGroup = F237B253288FB6D000B63A5B /* Products */;
			projectDirPath = "";
			projectRoot = "";
			targets = (
				F237B251288FB6D000B63A5B /* GitHubEvents */,
				F237B261288FB6D100B63A5B /* GitHubEventsTests */,
				F237B26B288FB6D100B63A5B /* GitHubEventsUITests */,
				F253746F28919E270097FCD7 /* GitHubEventsWidgetExtension */,
			);
		};
/* End PBXProject section */

/* Begin PBXResourcesBuildPhase section */
		F237B250288FB6D000B63A5B /* Resources */ = {
			isa = PBXResourcesBuildPhase;
			buildActionMask = 2147483647;
			files = (
				F237B25D288FB6D100B63A5B /* Preview Assets.xcassets in Resources */,
				F237B25A288FB6D100B63A5B /* Assets.xcassets in Resources */,
				F2ED223F289517AA00A1507C /* GoogleService-Info.plist in Resources */,
			);
			runOnlyForDeploymentPostprocessing = 0;
		};
		F237B260288FB6D100B63A5B /* Resources */ = {
			isa = PBXResourcesBuildPhase;
			buildActionMask = 2147483647;
			files = (
			);
			runOnlyForDeploymentPostprocessing = 0;
		};
		F237B26A288FB6D100B63A5B /* Resources */ = {
			isa = PBXResourcesBuildPhase;
			buildActionMask = 2147483647;
			files = (
			);
			runOnlyForDeploymentPostprocessing = 0;
		};
		F253746E28919E270097FCD7 /* Resources */ = {
			isa = PBXResourcesBuildPhase;
			buildActionMask = 2147483647;
			files = (
				F253747B28919E280097FCD7 /* Assets.xcassets in Resources */,
				F2ED2240289517AA00A1507C /* GoogleService-Info.plist in Resources */,
			);
			runOnlyForDeploymentPostprocessing = 0;
		};
/* End PBXResourcesBuildPhase section */

/* Begin PBXSourcesBuildPhase section */
		F237B24E288FB6D000B63A5B /* Sources */ = {
			isa = PBXSourcesBuildPhase;
			buildActionMask = 2147483647;
			files = (
				F2E043ED28B12CCC0055147D /* TestEvents.swift in Sources */,
				F253747E28919E280097FCD7 /* GitHubEventsWidget.intentdefinition in Sources */,
				F2E043FB28B12F2C0055147D /* Gradients.swift in Sources */,
				F2E043F428B12D810055147D /* LabelsStack.swift in Sources */,
				F2E0440028B1313E0055147D /* Event.swift in Sources */,
				F2E043F828B12EF80055147D /* EventRow.swift in Sources */,
				F237B258288FB6D000B63A5B /* EventsView.swift in Sources */,
				F237B256288FB6D000B63A5B /* GitHubEventsApp.swift in Sources */,
				F2E0440328B131D80055147D /* Resources.swift in Sources */,
				F2E043F228B12D3F0055147D /* DateView.swift in Sources */,
				F2E0442228B24E650055147D /* NotificationController.swift in Sources */,
				F2E0440628B132320055147D /* EventsViewModel.swift in Sources */,
				F2E043F028B12D290055147D /* TitleView.swift in Sources */,
				F2E0441E28B13C910055147D /* EventLabelArrayExtension.swift in Sources */,
				F2E0441428B133C70055147D /* Session.swift in Sources */,
				F2E0441728B1340A0055147D /* EventArrayExtension.swift in Sources */,
				F2E0441A28B1342B0055147D /* EventExtension.swift in Sources */,
				F2E0441028B1339B0055147D /* TimeZone.swift in Sources */,
				F2E0440A28B133530055147D /* Decoder.swift in Sources */,
				F2E0440D28B133810055147D /* Calendar.swift in Sources */,
			);
			runOnlyForDeploymentPostprocessing = 0;
		};
		F237B25E288FB6D100B63A5B /* Sources */ = {
			isa = PBXSourcesBuildPhase;
			buildActionMask = 2147483647;
			files = (
				F2E0442528B2C2270055147D /* EventArrayTests.swift in Sources */,
				F237B267288FB6D100B63A5B /* EventsViewModelTests.swift in Sources */,
			);
			runOnlyForDeploymentPostprocessing = 0;
		};
		F237B268288FB6D100B63A5B /* Sources */ = {
			isa = PBXSourcesBuildPhase;
			buildActionMask = 2147483647;
			files = (
				F237B273288FB6D100B63A5B /* GitHubEventsUITestsLaunchTests.swift in Sources */,
				F237B271288FB6D100B63A5B /* GitHubEventsUITests.swift in Sources */,
			);
			runOnlyForDeploymentPostprocessing = 0;
		};
		F253746C28919E270097FCD7 /* Sources */ = {
			isa = PBXSourcesBuildPhase;
			buildActionMask = 2147483647;
			files = (
				F2E0441B28B1342D0055147D /* EventExtension.swift in Sources */,
				F2E0440728B1323C0055147D /* EventsViewModel.swift in Sources */,
				F253747D28919E280097FCD7 /* GitHubEventsWidget.intentdefinition in Sources */,
				F2E0441828B134170055147D /* EventArrayExtension.swift in Sources */,
				F2E0440128B131460055147D /* Event.swift in Sources */,
				F2E043F928B12F040055147D /* EventRow.swift in Sources */,
				F2F7782D2891A37000BFB598 /* EventsView.swift in Sources */,
				F2E0441528B133D20055147D /* Session.swift in Sources */,
				F253747828919E270097FCD7 /* GitHubEventsWidget.swift in Sources */,
				F2E043F628B12E610055147D /* DateView.swift in Sources */,
				F2E043FD28B130820055147D /* LabelsStack.swift in Sources */,
				F2E0440828B132CB0055147D /* Resources.swift in Sources */,
				F2E0440E28B1338C0055147D /* Calendar.swift in Sources */,
				F2E0442328B24E760055147D /* NotificationController.swift in Sources */,
				F2E0441F28B13CA40055147D /* EventLabelArrayExtension.swift in Sources */,
				F2E0441128B133A50055147D /* TimeZone.swift in Sources */,
				F2E043FC28B130710055147D /* Gradients.swift in Sources */,
				F2E0440B28B133650055147D /* Decoder.swift in Sources */,
				F2E043F528B12E5C0055147D /* TitleView.swift in Sources */,
			);
			runOnlyForDeploymentPostprocessing = 0;
		};
/* End PBXSourcesBuildPhase section */

/* Begin PBXTargetDependency section */
		F237B264288FB6D100B63A5B /* PBXTargetDependency */ = {
			isa = PBXTargetDependency;
			target = F237B251288FB6D000B63A5B /* GitHubEvents */;
			targetProxy = F237B263288FB6D100B63A5B /* PBXContainerItemProxy */;
		};
		F237B26E288FB6D100B63A5B /* PBXTargetDependency */ = {
			isa = PBXTargetDependency;
			target = F237B251288FB6D000B63A5B /* GitHubEvents */;
			targetProxy = F237B26D288FB6D100B63A5B /* PBXContainerItemProxy */;
		};
		F253748028919E280097FCD7 /* PBXTargetDependency */ = {
			isa = PBXTargetDependency;
			target = F253746F28919E270097FCD7 /* GitHubEventsWidgetExtension */;
			targetProxy = F253747F28919E280097FCD7 /* PBXContainerItemProxy */;
		};
/* End PBXTargetDependency section */

/* Begin XCBuildConfiguration section */
		F237B274288FB6D100B63A5B /* Debug */ = {
			isa = XCBuildConfiguration;
			buildSettings = {
				ALWAYS_SEARCH_USER_PATHS = NO;
				CLANG_ANALYZER_NONNULL = YES;
				CLANG_ANALYZER_NUMBER_OBJECT_CONVERSION = YES_AGGRESSIVE;
				CLANG_CXX_LANGUAGE_STANDARD = "gnu++17";
				CLANG_ENABLE_MODULES = YES;
				CLANG_ENABLE_OBJC_ARC = YES;
				CLANG_ENABLE_OBJC_WEAK = YES;
				CLANG_WARN_BLOCK_CAPTURE_AUTORELEASING = YES;
				CLANG_WARN_BOOL_CONVERSION = YES;
				CLANG_WARN_COMMA = YES;
				CLANG_WARN_CONSTANT_CONVERSION = YES;
				CLANG_WARN_DEPRECATED_OBJC_IMPLEMENTATIONS = YES;
				CLANG_WARN_DIRECT_OBJC_ISA_USAGE = YES_ERROR;
				CLANG_WARN_DOCUMENTATION_COMMENTS = YES;
				CLANG_WARN_EMPTY_BODY = YES;
				CLANG_WARN_ENUM_CONVERSION = YES;
				CLANG_WARN_INFINITE_RECURSION = YES;
				CLANG_WARN_INT_CONVERSION = YES;
				CLANG_WARN_NON_LITERAL_NULL_CONVERSION = YES;
				CLANG_WARN_OBJC_IMPLICIT_RETAIN_SELF = YES;
				CLANG_WARN_OBJC_LITERAL_CONVERSION = YES;
				CLANG_WARN_OBJC_ROOT_CLASS = YES_ERROR;
				CLANG_WARN_QUOTED_INCLUDE_IN_FRAMEWORK_HEADER = YES;
				CLANG_WARN_RANGE_LOOP_ANALYSIS = YES;
				CLANG_WARN_STRICT_PROTOTYPES = YES;
				CLANG_WARN_SUSPICIOUS_MOVE = YES;
				CLANG_WARN_UNGUARDED_AVAILABILITY = YES_AGGRESSIVE;
				CLANG_WARN_UNREACHABLE_CODE = YES;
				CLANG_WARN__DUPLICATE_METHOD_MATCH = YES;
				COPY_PHASE_STRIP = NO;
				DEBUG_INFORMATION_FORMAT = dwarf;
				ENABLE_STRICT_OBJC_MSGSEND = YES;
				ENABLE_TESTABILITY = YES;
				GCC_C_LANGUAGE_STANDARD = gnu11;
				GCC_DYNAMIC_NO_PIC = NO;
				GCC_NO_COMMON_BLOCKS = YES;
				GCC_OPTIMIZATION_LEVEL = 0;
				GCC_PREPROCESSOR_DEFINITIONS = (
					"DEBUG=1",
					"$(inherited)",
				);
				GCC_WARN_64_TO_32_BIT_CONVERSION = YES;
				GCC_WARN_ABOUT_RETURN_TYPE = YES_ERROR;
				GCC_WARN_UNDECLARED_SELECTOR = YES;
				GCC_WARN_UNINITIALIZED_AUTOS = YES_AGGRESSIVE;
				GCC_WARN_UNUSED_FUNCTION = YES;
				GCC_WARN_UNUSED_VARIABLE = YES;
				IPHONEOS_DEPLOYMENT_TARGET = 15.0;
				MTL_ENABLE_DEBUG_INFO = INCLUDE_SOURCE;
				MTL_FAST_MATH = YES;
				ONLY_ACTIVE_ARCH = YES;
				SDKROOT = iphoneos;
				SWIFT_ACTIVE_COMPILATION_CONDITIONS = DEBUG;
				SWIFT_OPTIMIZATION_LEVEL = "-Onone";
			};
			name = Debug;
		};
		F237B275288FB6D100B63A5B /* Release */ = {
			isa = XCBuildConfiguration;
			buildSettings = {
				ALWAYS_SEARCH_USER_PATHS = NO;
				CLANG_ANALYZER_NONNULL = YES;
				CLANG_ANALYZER_NUMBER_OBJECT_CONVERSION = YES_AGGRESSIVE;
				CLANG_CXX_LANGUAGE_STANDARD = "gnu++17";
				CLANG_ENABLE_MODULES = YES;
				CLANG_ENABLE_OBJC_ARC = YES;
				CLANG_ENABLE_OBJC_WEAK = YES;
				CLANG_WARN_BLOCK_CAPTURE_AUTORELEASING = YES;
				CLANG_WARN_BOOL_CONVERSION = YES;
				CLANG_WARN_COMMA = YES;
				CLANG_WARN_CONSTANT_CONVERSION = YES;
				CLANG_WARN_DEPRECATED_OBJC_IMPLEMENTATIONS = YES;
				CLANG_WARN_DIRECT_OBJC_ISA_USAGE = YES_ERROR;
				CLANG_WARN_DOCUMENTATION_COMMENTS = YES;
				CLANG_WARN_EMPTY_BODY = YES;
				CLANG_WARN_ENUM_CONVERSION = YES;
				CLANG_WARN_INFINITE_RECURSION = YES;
				CLANG_WARN_INT_CONVERSION = YES;
				CLANG_WARN_NON_LITERAL_NULL_CONVERSION = YES;
				CLANG_WARN_OBJC_IMPLICIT_RETAIN_SELF = YES;
				CLANG_WARN_OBJC_LITERAL_CONVERSION = YES;
				CLANG_WARN_OBJC_ROOT_CLASS = YES_ERROR;
				CLANG_WARN_QUOTED_INCLUDE_IN_FRAMEWORK_HEADER = YES;
				CLANG_WARN_RANGE_LOOP_ANALYSIS = YES;
				CLANG_WARN_STRICT_PROTOTYPES = YES;
				CLANG_WARN_SUSPICIOUS_MOVE = YES;
				CLANG_WARN_UNGUARDED_AVAILABILITY = YES_AGGRESSIVE;
				CLANG_WARN_UNREACHABLE_CODE = YES;
				CLANG_WARN__DUPLICATE_METHOD_MATCH = YES;
				COPY_PHASE_STRIP = NO;
				DEBUG_INFORMATION_FORMAT = "dwarf-with-dsym";
				ENABLE_NS_ASSERTIONS = NO;
				ENABLE_STRICT_OBJC_MSGSEND = YES;
				GCC_C_LANGUAGE_STANDARD = gnu11;
				GCC_NO_COMMON_BLOCKS = YES;
				GCC_WARN_64_TO_32_BIT_CONVERSION = YES;
				GCC_WARN_ABOUT_RETURN_TYPE = YES_ERROR;
				GCC_WARN_UNDECLARED_SELECTOR = YES;
				GCC_WARN_UNINITIALIZED_AUTOS = YES_AGGRESSIVE;
				GCC_WARN_UNUSED_FUNCTION = YES;
				GCC_WARN_UNUSED_VARIABLE = YES;
				IPHONEOS_DEPLOYMENT_TARGET = 15.0;
				MTL_ENABLE_DEBUG_INFO = NO;
				MTL_FAST_MATH = YES;
				SDKROOT = iphoneos;
				SWIFT_COMPILATION_MODE = wholemodule;
				SWIFT_OPTIMIZATION_LEVEL = "-O";
				VALIDATE_PRODUCT = YES;
			};
			name = Release;
		};
		F237B277288FB6D100B63A5B /* Debug */ = {
			isa = XCBuildConfiguration;
			buildSettings = {
				ALWAYS_EMBED_SWIFT_STANDARD_LIBRARIES = YES;
				ASSETCATALOG_COMPILER_APPICON_NAME = AppIcon;
				ASSETCATALOG_COMPILER_GLOBAL_ACCENT_COLOR_NAME = AccentColor;
				CODE_SIGN_STYLE = Automatic;
				CURRENT_PROJECT_VERSION = 1;
				DEVELOPMENT_ASSET_PATHS = "\"GitHubEvents/Preview Content\"";
				DEVELOPMENT_TEAM = Y8T8BUM8Q7;
				ENABLE_PREVIEWS = YES;
				GENERATE_INFOPLIST_FILE = YES;
				INFOPLIST_KEY_UIApplicationSceneManifest_Generation = YES;
				INFOPLIST_KEY_UIApplicationSupportsIndirectInputEvents = YES;
				INFOPLIST_KEY_UILaunchScreen_Generation = YES;
				INFOPLIST_KEY_UISupportedInterfaceOrientations_iPad = "UIInterfaceOrientationPortrait UIInterfaceOrientationPortraitUpsideDown UIInterfaceOrientationLandscapeLeft UIInterfaceOrientationLandscapeRight";
				INFOPLIST_KEY_UISupportedInterfaceOrientations_iPhone = "UIInterfaceOrientationPortrait UIInterfaceOrientationLandscapeLeft UIInterfaceOrientationLandscapeRight";
				IPHONEOS_DEPLOYMENT_TARGET = 15.0;
				LD_RUNPATH_SEARCH_PATHS = (
					"$(inherited)",
					"@executable_path/Frameworks",
				);
				MACOSX_DEPLOYMENT_TARGET = 12.4;
				MARKETING_VERSION = 1.0;
				PRODUCT_BUNDLE_IDENTIFIER = com.splebbo.GitHubEvents;
				PRODUCT_NAME = "$(TARGET_NAME)";
				SUPPORTED_PLATFORMS = "iphoneos iphonesimulator";
				SUPPORTS_MACCATALYST = NO;
				SUPPORTS_MAC_DESIGNED_FOR_IPHONE_IPAD = NO;
				SWIFT_EMIT_LOC_STRINGS = YES;
				SWIFT_VERSION = 5.0;
				TARGETED_DEVICE_FAMILY = "1,2";
			};
			name = Debug;
		};
		F237B278288FB6D100B63A5B /* Release */ = {
			isa = XCBuildConfiguration;
			buildSettings = {
				ALWAYS_EMBED_SWIFT_STANDARD_LIBRARIES = YES;
				ASSETCATALOG_COMPILER_APPICON_NAME = AppIcon;
				ASSETCATALOG_COMPILER_GLOBAL_ACCENT_COLOR_NAME = AccentColor;
				CODE_SIGN_STYLE = Automatic;
				CURRENT_PROJECT_VERSION = 1;
				DEVELOPMENT_ASSET_PATHS = "\"GitHubEvents/Preview Content\"";
				DEVELOPMENT_TEAM = Y8T8BUM8Q7;
				ENABLE_PREVIEWS = YES;
				GENERATE_INFOPLIST_FILE = YES;
				INFOPLIST_KEY_UIApplicationSceneManifest_Generation = YES;
				INFOPLIST_KEY_UIApplicationSupportsIndirectInputEvents = YES;
				INFOPLIST_KEY_UILaunchScreen_Generation = YES;
				INFOPLIST_KEY_UISupportedInterfaceOrientations_iPad = "UIInterfaceOrientationPortrait UIInterfaceOrientationPortraitUpsideDown UIInterfaceOrientationLandscapeLeft UIInterfaceOrientationLandscapeRight";
				INFOPLIST_KEY_UISupportedInterfaceOrientations_iPhone = "UIInterfaceOrientationPortrait UIInterfaceOrientationLandscapeLeft UIInterfaceOrientationLandscapeRight";
				IPHONEOS_DEPLOYMENT_TARGET = 15.0;
				LD_RUNPATH_SEARCH_PATHS = (
					"$(inherited)",
					"@executable_path/Frameworks",
				);
				MACOSX_DEPLOYMENT_TARGET = 12.4;
				MARKETING_VERSION = 1.0;
				PRODUCT_BUNDLE_IDENTIFIER = com.splebbo.GitHubEvents;
				PRODUCT_NAME = "$(TARGET_NAME)";
				SUPPORTED_PLATFORMS = "iphoneos iphonesimulator";
				SUPPORTS_MACCATALYST = NO;
				SUPPORTS_MAC_DESIGNED_FOR_IPHONE_IPAD = NO;
				SWIFT_EMIT_LOC_STRINGS = YES;
				SWIFT_VERSION = 5.0;
				TARGETED_DEVICE_FAMILY = "1,2";
			};
			name = Release;
		};
		F237B27A288FB6D100B63A5B /* Debug */ = {
			isa = XCBuildConfiguration;
			buildSettings = {
				ALWAYS_EMBED_SWIFT_STANDARD_LIBRARIES = YES;
				ASSETCATALOG_COMPILER_APPICON_NAME = AppIcon;
				BUNDLE_LOADER = "$(TEST_HOST)";
				CODE_SIGN_STYLE = Automatic;
				CURRENT_PROJECT_VERSION = 1;
				DEVELOPMENT_TEAM = Y8T8BUM8Q7;
				GENERATE_INFOPLIST_FILE = YES;
				IPHONEOS_DEPLOYMENT_TARGET = 15.0;
				MARKETING_VERSION = 1.0;
				PRODUCT_BUNDLE_IDENTIFIER = com.splebbo.GitHubEventsTests;
				PRODUCT_NAME = "$(TARGET_NAME)";
				SWIFT_EMIT_LOC_STRINGS = NO;
				SWIFT_VERSION = 5.0;
				TARGETED_DEVICE_FAMILY = "1,2";
				TEST_HOST = "$(BUILT_PRODUCTS_DIR)/GitHubEvents.app/GitHubEvents";
			};
			name = Debug;
		};
		F237B27B288FB6D100B63A5B /* Release */ = {
			isa = XCBuildConfiguration;
			buildSettings = {
				ALWAYS_EMBED_SWIFT_STANDARD_LIBRARIES = YES;
				ASSETCATALOG_COMPILER_APPICON_NAME = AppIcon;
				BUNDLE_LOADER = "$(TEST_HOST)";
				CODE_SIGN_STYLE = Automatic;
				CURRENT_PROJECT_VERSION = 1;
				DEVELOPMENT_TEAM = Y8T8BUM8Q7;
				GENERATE_INFOPLIST_FILE = YES;
				IPHONEOS_DEPLOYMENT_TARGET = 15.0;
				MARKETING_VERSION = 1.0;
				PRODUCT_BUNDLE_IDENTIFIER = com.splebbo.GitHubEventsTests;
				PRODUCT_NAME = "$(TARGET_NAME)";
				SWIFT_EMIT_LOC_STRINGS = NO;
				SWIFT_VERSION = 5.0;
				TARGETED_DEVICE_FAMILY = "1,2";
				TEST_HOST = "$(BUILT_PRODUCTS_DIR)/GitHubEvents.app/GitHubEvents";
			};
			name = Release;
		};
		F237B27D288FB6D100B63A5B /* Debug */ = {
			isa = XCBuildConfiguration;
			buildSettings = {
				ALWAYS_EMBED_SWIFT_STANDARD_LIBRARIES = YES;
				CODE_SIGN_STYLE = Automatic;
				CURRENT_PROJECT_VERSION = 1;
				DEVELOPMENT_TEAM = Y8T8BUM8Q7;
				GENERATE_INFOPLIST_FILE = YES;
				IPHONEOS_DEPLOYMENT_TARGET = 15.0;
				MARKETING_VERSION = 1.0;
				PRODUCT_BUNDLE_IDENTIFIER = com.splebbo.GitHubEventsUITests;
				PRODUCT_NAME = "$(TARGET_NAME)";
				SWIFT_EMIT_LOC_STRINGS = NO;
				SWIFT_VERSION = 5.0;
				TARGETED_DEVICE_FAMILY = "1,2";
				TEST_TARGET_NAME = GitHubEvents;
			};
			name = Debug;
		};
		F237B27E288FB6D100B63A5B /* Release */ = {
			isa = XCBuildConfiguration;
			buildSettings = {
				ALWAYS_EMBED_SWIFT_STANDARD_LIBRARIES = YES;
				CODE_SIGN_STYLE = Automatic;
				CURRENT_PROJECT_VERSION = 1;
				DEVELOPMENT_TEAM = Y8T8BUM8Q7;
				GENERATE_INFOPLIST_FILE = YES;
				IPHONEOS_DEPLOYMENT_TARGET = 15.0;
				MARKETING_VERSION = 1.0;
				PRODUCT_BUNDLE_IDENTIFIER = com.splebbo.GitHubEventsUITests;
				PRODUCT_NAME = "$(TARGET_NAME)";
				SWIFT_EMIT_LOC_STRINGS = NO;
				SWIFT_VERSION = 5.0;
				TARGETED_DEVICE_FAMILY = "1,2";
				TEST_TARGET_NAME = GitHubEvents;
			};
			name = Release;
		};
		F253748328919E290097FCD7 /* Debug */ = {
			isa = XCBuildConfiguration;
			buildSettings = {
				ASSETCATALOG_COMPILER_APPICON_NAME = AppIcon;
				ASSETCATALOG_COMPILER_GLOBAL_ACCENT_COLOR_NAME = AccentColor;
				ASSETCATALOG_COMPILER_WIDGET_BACKGROUND_COLOR_NAME = WidgetBackground;
				CLANG_CXX_LANGUAGE_STANDARD = "gnu++20";
				CODE_SIGN_STYLE = Automatic;
				CURRENT_PROJECT_VERSION = 1;
				DEVELOPMENT_TEAM = Y8T8BUM8Q7;
				GENERATE_INFOPLIST_FILE = YES;
				INFOPLIST_FILE = GitHubEventsWidget/Info.plist;
				INFOPLIST_KEY_NSHumanReadableCopyright = "";
				IPHONEOS_DEPLOYMENT_TARGET = 15.0;
				LD_RUNPATH_SEARCH_PATHS = (
					"$(inherited)",
					"@executable_path/Frameworks",
					"@executable_path/../../Frameworks",
				);
				MARKETING_VERSION = 1.0;
				PRODUCT_BUNDLE_IDENTIFIER = com.splebbo.GitHubEvents.GitHubEventsWidget;
				PRODUCT_NAME = "$(TARGET_NAME)";
				SKIP_INSTALL = YES;
				SWIFT_EMIT_LOC_STRINGS = YES;
				SWIFT_VERSION = 5.0;
				TARGETED_DEVICE_FAMILY = "1,2";
			};
			name = Debug;
		};
		F253748428919E290097FCD7 /* Release */ = {
			isa = XCBuildConfiguration;
			buildSettings = {
				ASSETCATALOG_COMPILER_APPICON_NAME = AppIcon;
				ASSETCATALOG_COMPILER_GLOBAL_ACCENT_COLOR_NAME = AccentColor;
				ASSETCATALOG_COMPILER_WIDGET_BACKGROUND_COLOR_NAME = WidgetBackground;
				CLANG_CXX_LANGUAGE_STANDARD = "gnu++20";
				CODE_SIGN_STYLE = Automatic;
				CURRENT_PROJECT_VERSION = 1;
				DEVELOPMENT_TEAM = Y8T8BUM8Q7;
				GENERATE_INFOPLIST_FILE = YES;
				INFOPLIST_FILE = GitHubEventsWidget/Info.plist;
				INFOPLIST_KEY_NSHumanReadableCopyright = "";
				IPHONEOS_DEPLOYMENT_TARGET = 15.0;
				LD_RUNPATH_SEARCH_PATHS = (
					"$(inherited)",
					"@executable_path/Frameworks",
					"@executable_path/../../Frameworks",
				);
				MARKETING_VERSION = 1.0;
				PRODUCT_BUNDLE_IDENTIFIER = com.splebbo.GitHubEvents.GitHubEventsWidget;
				PRODUCT_NAME = "$(TARGET_NAME)";
				SKIP_INSTALL = YES;
				SWIFT_EMIT_LOC_STRINGS = YES;
				SWIFT_VERSION = 5.0;
				TARGETED_DEVICE_FAMILY = "1,2";
			};
			name = Release;
		};
/* End XCBuildConfiguration section */

/* Begin XCConfigurationList section */
		F237B24D288FB6D000B63A5B /* Build configuration list for PBXProject "GitHubEvents" */ = {
			isa = XCConfigurationList;
			buildConfigurations = (
				F237B274288FB6D100B63A5B /* Debug */,
				F237B275288FB6D100B63A5B /* Release */,
			);
			defaultConfigurationIsVisible = 0;
			defaultConfigurationName = Release;
		};
		F237B276288FB6D100B63A5B /* Build configuration list for PBXNativeTarget "GitHubEvents" */ = {
			isa = XCConfigurationList;
			buildConfigurations = (
				F237B277288FB6D100B63A5B /* Debug */,
				F237B278288FB6D100B63A5B /* Release */,
			);
			defaultConfigurationIsVisible = 0;
			defaultConfigurationName = Release;
		};
		F237B279288FB6D100B63A5B /* Build configuration list for PBXNativeTarget "GitHubEventsTests" */ = {
			isa = XCConfigurationList;
			buildConfigurations = (
				F237B27A288FB6D100B63A5B /* Debug */,
				F237B27B288FB6D100B63A5B /* Release */,
			);
			defaultConfigurationIsVisible = 0;
			defaultConfigurationName = Release;
		};
		F237B27C288FB6D100B63A5B /* Build configuration list for PBXNativeTarget "GitHubEventsUITests" */ = {
			isa = XCConfigurationList;
			buildConfigurations = (
				F237B27D288FB6D100B63A5B /* Debug */,
				F237B27E288FB6D100B63A5B /* Release */,
			);
			defaultConfigurationIsVisible = 0;
			defaultConfigurationName = Release;
		};
		F253748228919E290097FCD7 /* Build configuration list for PBXNativeTarget "GitHubEventsWidgetExtension" */ = {
			isa = XCConfigurationList;
			buildConfigurations = (
				F253748328919E290097FCD7 /* Debug */,
				F253748428919E290097FCD7 /* Release */,
			);
			defaultConfigurationIsVisible = 0;
			defaultConfigurationName = Release;
		};
/* End XCConfigurationList section */

/* Begin XCRemoteSwiftPackageReference section */
		F237B27F288FB70900B63A5B /* XCRemoteSwiftPackageReference "SplebbosNetworking" */ = {
			isa = XCRemoteSwiftPackageReference;
			repositoryURL = "https://github.com/sebthibert/SplebbosNetworking";
			requirement = {
				branch = main;
				kind = branch;
			};
		};
		F2F7774F2896E2A400F47FF1 /* XCRemoteSwiftPackageReference "firebase-ios-sdk" */ = {
			isa = XCRemoteSwiftPackageReference;
			repositoryURL = "https://github.com/firebase/firebase-ios-sdk";
			requirement = {
				kind = upToNextMajorVersion;
				minimumVersion = 9.0.0;
			};
		};
/* End XCRemoteSwiftPackageReference section */

/* Begin XCSwiftPackageProductDependency section */
		F237B280288FB70900B63A5B /* SplebbosNetworking */ = {
			isa = XCSwiftPackageProductDependency;
			package = F237B27F288FB70900B63A5B /* XCRemoteSwiftPackageReference "SplebbosNetworking" */;
			productName = SplebbosNetworking;
		};
		F2F777502896E2A400F47FF1 /* FirebaseFirestore */ = {
			isa = XCSwiftPackageProductDependency;
			package = F2F7774F2896E2A400F47FF1 /* XCRemoteSwiftPackageReference "firebase-ios-sdk" */;
			productName = FirebaseFirestore;
		};
		F2F777522896E2A400F47FF1 /* FirebaseFirestoreCombine-Community */ = {
			isa = XCSwiftPackageProductDependency;
			package = F2F7774F2896E2A400F47FF1 /* XCRemoteSwiftPackageReference "firebase-ios-sdk" */;
			productName = "FirebaseFirestoreCombine-Community";
		};
		F2F777542896E2A400F47FF1 /* FirebaseFirestoreSwift */ = {
			isa = XCSwiftPackageProductDependency;
			package = F2F7774F2896E2A400F47FF1 /* XCRemoteSwiftPackageReference "firebase-ios-sdk" */;
			productName = FirebaseFirestoreSwift;
		};
		F2F7782B2891A36600BFB598 /* SplebbosNetworking */ = {
			isa = XCSwiftPackageProductDependency;
			package = F237B27F288FB70900B63A5B /* XCRemoteSwiftPackageReference "SplebbosNetworking" */;
			productName = SplebbosNetworking;
		};
/* End XCSwiftPackageProductDependency section */
	};
	rootObject = F237B24A288FB6D000B63A5B /* Project object */;
}
